
Microsoft Visual Studio Solution File, Format Version 12.00
# Visual Studio Version 17
VisualStudioVersion = 17.14.36203.30 d17.14
MinimumVisualStudioVersion = 10.0.40219.1
Project("{FAE04EC0-301F-11D3-BF4B-00C04F79EFBC}") = "mcpWinAuditServer", "mcpWinAuditServer\mcpWinAuditServer.csproj", "{B2EC883C-560C-46F7-8594-2E7715A63520}"
EndProject
Global
	GlobalSection(SolutionConfigurationPlatforms) = preSolution
		Debug|Any CPU = Debug|Any CPU
		Release|Any CPU = Release|Any CPU
	EndGlobalSection
	GlobalSection(ProjectConfigurationPlatforms) = postSolution
		{B2EC883C-560C-46F7-8594-2E7715A63520}.Debug|Any CPU.ActiveCfg = Debug|Any CPU
		{B2EC883C-560C-46F7-8594-2E7715A63520}.Debug|Any CPU.Build.0 = Debug|Any CPU
		{B2EC883C-560C-46F7-8594-2E7715A63520}.Release|Any CPU.ActiveCfg = Release|Any CPU
		{B2EC883C-560C-46F7-8594-2E7715A63520}.Release|Any CPU.Build.0 = Release|Any CPU
	EndGlobalSection
	GlobalSection(SolutionProperties) = preSolution
		HideSolutionNode = FALSE
	EndGlobalSection
	GlobalSection(ExtensibilityGlobals) = postSolution
		SolutionGuid = {15045293-5E21-4A99-9706-B45BB686A958}
	EndGlobalSection
EndGlobal
